
Microsoft Visual Studio Solution File, Format Version 12.00
# Visual Studio Version 17
VisualStudioVersion = 17.11.35222.181
MinimumVisualStudioVersion = 10.0.40219.1
Project("{8BC9CEB8-8B4A-11D0-8D11-00A0C91BC942}") = "lab1_queue", "lab1_queue\lab1_queue.vcxproj", "{A43E7FEE-FB60-4234-BA8C-85A5E083A4E7}"
EndProject
Project("{8BC9CEB8-8B4A-11D0-8D11-00A0C91BC942}") = "lab2_stack", "lab2_stack\lab2_stack.vcxproj", "{0CF1C7EB-7F1B-40CF-B392-33785A689A32}"
EndProject
Project("{8BC9CEB8-8B4A-11D0-8D11-00A0C91BC942}") = "lab3_backtracking", "lab3_backtracking\lab3_backtracking.vcxproj", "{CEBF1B36-85F8-4F45-9609-0F18AB776DC3}"
EndProject
Project("{8BC9CEB8-8B4A-11D0-8D11-00A0C91BC942}") = "lab4_BST", "lab4_BST\lab4_BST.vcxproj", "{581FCAEE-B75A-4E61-B912-EDE65081CA31}"
EndProject
Project("{8BC9CEB8-8B4A-11D0-8D11-00A0C91BC942}") = "testing", "testing\testing.vcxproj", "{C331F796-A738-43F2-8B0F-DFE6E72BE75C}"
EndProject
Project("{8BC9CEB8-8B4A-11D0-8D11-00A0C91BC942}") = "lab5_AVL_tree", "lab5_AVL_tree\lab5_AVL_tree.vcxproj", "{B7E38043-90D1-49E2-A63C-D60B82128F8D}"
EndProject
Global
	GlobalSection(SolutionConfigurationPlatforms) = preSolution
		Debug|x64 = Debug|x64
		Debug|x86 = Debug|x86
		Release|x64 = Release|x64
		Release|x86 = Release|x86
	EndGlobalSection
	GlobalSection(ProjectConfigurationPlatforms) = postSolution
		{A43E7FEE-FB60-4234-BA8C-85A5E083A4E7}.Debug|x64.ActiveCfg = Debug|x64
		{A43E7FEE-FB60-4234-BA8C-85A5E083A4E7}.Debug|x64.Build.0 = Debug|x64
		{A43E7FEE-FB60-4234-BA8C-85A5E083A4E7}.Debug|x86.ActiveCfg = Debug|Win32
		{A43E7FEE-FB60-4234-BA8C-85A5E083A4E7}.Debug|x86.Build.0 = Debug|Win32
		{A43E7FEE-FB60-4234-BA8C-85A5E083A4E7}.Release|x64.ActiveCfg = Release|x64
		{A43E7FEE-FB60-4234-BA8C-85A5E083A4E7}.Release|x64.Build.0 = Release|x64
		{A43E7FEE-FB60-4234-BA8C-85A5E083A4E7}.Release|x86.ActiveCfg = Release|Win32
		{A43E7FEE-FB60-4234-BA8C-85A5E083A4E7}.Release|x86.Build.0 = Release|Win32
		{0CF1C7EB-7F1B-40CF-B392-33785A689A32}.Debug|x64.ActiveCfg = Debug|x64
		{0CF1C7EB-7F1B-40CF-B392-33785A689A32}.Debug|x64.Build.0 = Debug|x64
		{0CF1C7EB-7F1B-40CF-B392-33785A689A32}.Debug|x86.ActiveCfg = Debug|Win32
		{0CF1C7EB-7F1B-40CF-B392-33785A689A32}.Debug|x86.Build.0 = Debug|Win32
		{0CF1C7EB-7F1B-40CF-B392-33785A689A32}.Release|x64.ActiveCfg = Release|x64
		{0CF1C7EB-7F1B-40CF-B392-33785A689A32}.Release|x64.Build.0 = Release|x64
		{0CF1C7EB-7F1B-40CF-B392-33785A689A32}.Release|x86.ActiveCfg = Release|Win32
		{0CF1C7EB-7F1B-40CF-B392-33785A689A32}.Release|x86.Build.0 = Release|Win32
		{CEBF1B36-85F8-4F45-9609-0F18AB776DC3}.Debug|x64.ActiveCfg = Debug|x64
		{CEBF1B36-85F8-4F45-9609-0F18AB776DC3}.Debug|x64.Build.0 = Debug|x64
		{CEBF1B36-85F8-4F45-9609-0F18AB776DC3}.Debug|x86.ActiveCfg = Debug|Win32
		{CEBF1B36-85F8-4F45-9609-0F18AB776DC3}.Debug|x86.Build.0 = Debug|Win32
		{CEBF1B36-85F8-4F45-9609-0F18AB776DC3}.Release|x64.ActiveCfg = Release|x64
		{CEBF1B36-85F8-4F45-9609-0F18AB776DC3}.Release|x64.Build.0 = Release|x64
		{CEBF1B36-85F8-4F45-9609-0F18AB776DC3}.Release|x86.ActiveCfg = Release|Win32
		{CEBF1B36-85F8-4F45-9609-0F18AB776DC3}.Release|x86.Build.0 = Release|Win32
		{581FCAEE-B75A-4E61-B912-EDE65081CA31}.Debug|x64.ActiveCfg = Debug|x64
		{581FCAEE-B75A-4E61-B912-EDE65081CA31}.Debug|x64.Build.0 = Debug|x64
		{581FCAEE-B75A-4E61-B912-EDE65081CA31}.Debug|x86.ActiveCfg = Debug|Win32
		{581FCAEE-B75A-4E61-B912-EDE65081CA31}.Debug|x86.Build.0 = Debug|Win32
		{581FCAEE-B75A-4E61-B912-EDE65081CA31}.Release|x64.ActiveCfg = Release|x64
		{581FCAEE-B75A-4E61-B912-EDE65081CA31}.Release|x64.Build.0 = Release|x64
		{581FCAEE-B75A-4E61-B912-EDE65081CA31}.Release|x86.ActiveCfg = Release|Win32
		{581FCAEE-B75A-4E61-B912-EDE65081CA31}.Release|x86.Build.0 = Release|Win32
		{C331F796-A738-43F2-8B0F-DFE6E72BE75C}.Debug|x64.ActiveCfg = Debug|x64
		{C331F796-A738-43F2-8B0F-DFE6E72BE75C}.Debug|x64.Build.0 = Debug|x64
		{C331F796-A738-43F2-8B0F-DFE6E72BE75C}.Debug|x86.ActiveCfg = Debug|Win32
		{C331F796-A738-43F2-8B0F-DFE6E72BE75C}.Debug|x86.Build.0 = Debug|Win32
		{C331F796-A738-43F2-8B0F-DFE6E72BE75C}.Release|x64.ActiveCfg = Release|x64
		{C331F796-A738-43F2-8B0F-DFE6E72BE75C}.Release|x64.Build.0 = Release|x64
		{C331F796-A738-43F2-8B0F-DFE6E72BE75C}.Release|x86.ActiveCfg = Release|Win32
		{C331F796-A738-43F2-8B0F-DFE6E72BE75C}.Release|x86.Build.0 = Release|Win32
		{B7E38043-90D1-49E2-A63C-D60B82128F8D}.Debug|x64.ActiveCfg = Debug|x64
		{B7E38043-90D1-49E2-A63C-D60B82128F8D}.Debug|x64.Build.0 = Debug|x64
		{B7E38043-90D1-49E2-A63C-D60B82128F8D}.Debug|x86.ActiveCfg = Debug|Win32
		{B7E38043-90D1-49E2-A63C-D60B82128F8D}.Debug|x86.Build.0 = Debug|Win32
		{B7E38043-90D1-49E2-A63C-D60B82128F8D}.Release|x64.ActiveCfg = Release|x64
		{B7E38043-90D1-49E2-A63C-D60B82128F8D}.Release|x64.Build.0 = Release|x64
		{B7E38043-90D1-49E2-A63C-D60B82128F8D}.Release|x86.ActiveCfg = Release|Win32
		{B7E38043-90D1-49E2-A63C-D60B82128F8D}.Release|x86.Build.0 = Release|Win32
	EndGlobalSection
	GlobalSection(SolutionProperties) = preSolution
		HideSolutionNode = FALSE
	EndGlobalSection
	GlobalSection(ExtensibilityGlobals) = postSolution
		SolutionGuid = {23792F43-3856-4AB4-9B48-515D3EE99D1D}
	EndGlobalSection
EndGlobal
